
Microsoft Visual Studio Solution File, Format Version 12.00
# Visual Studio 15
VisualStudioVersion = 15.0.27703.2000
MinimumVisualStudioVersion = 10.0.40219.1
Project("{FAE04EC0-301F-11D3-BF4B-00C04F79EFBC}") = "CliqueMaximo", "CliqueMaximo\CliqueMaximo.csproj", "{142F1C84-612B-4BFB-A9E1-CBC3CD193166}"
EndProject
Global
	GlobalSection(SolutionConfigurationPlatforms) = preSolution
		Debug|Any CPU = Debug|Any CPU
		Release|Any CPU = Release|Any CPU
	EndGlobalSection
	GlobalSection(ProjectConfigurationPlatforms) = postSolution
		{142F1C84-612B-4BFB-A9E1-CBC3CD193166}.Debug|Any CPU.ActiveCfg = Debug|Any CPU
		{142F1C84-612B-4BFB-A9E1-CBC3CD193166}.Debug|Any CPU.Build.0 = Debug|Any CPU
		{142F1C84-612B-4BFB-A9E1-CBC3CD193166}.Release|Any CPU.ActiveCfg = Release|Any CPU
		{142F1C84-612B-4BFB-A9E1-CBC3CD193166}.Release|Any CPU.Build.0 = Release|Any CPU
	EndGlobalSection
	GlobalSection(SolutionProperties) = preSolution
		HideSolutionNode = FALSE
	EndGlobalSection
	GlobalSection(ExtensibilityGlobals) = postSolution
		SolutionGuid = {0456A47F-A8D4-4031-84B6-429914281FC1}
	EndGlobalSection
EndGlobal
